// !$*UTF8*$!
{
	archiveVersion = 1;
	classes = {
	};
	objectVersion = 46;
	objects = {

/* Begin PBXBuildFile section */
		B14659E51E58318D009D99DA /* main.m in Sources */ = {isa = PBXBuildFile; fileRef = B14659E41E58318D009D99DA /* main.m */; };
		B14659E81E58318D009D99DA /* AppDelegate.m in Sources */ = {isa = PBXBuildFile; fileRef = B14659E71E58318D009D99DA /* AppDelegate.m */; };
		B14659EB1E58318D009D99DA /* ViewController.m in Sources */ = {isa = PBXBuildFile; fileRef = B14659EA1E58318D009D99DA /* ViewController.m */; };
		B14659EE1E58318D009D99DA /* Main.storyboard in Resources */ = {isa = PBXBuildFile; fileRef = B14659EC1E58318D009D99DA /* Main.storyboard */; };
		B14659F01E58318D009D99DA /* Assets.xcassets in Resources */ = {isa = PBXBuildFile; fileRef = B14659EF1E58318D009D99DA /* Assets.xcassets */; };
		B14659F31E58318D009D99DA /* LaunchScreen.storyboard in Resources */ = {isa = PBXBuildFile; fileRef = B14659F11E58318D009D99DA /* LaunchScreen.storyboard */; };
/* End PBXBuildFile section */

/* Begin PBXFileReference section */
		B14659E01E58318D009D99DA /* SolidKit.app */ = {isa = PBXFileReference; explicitFileType = wrapper.application; includeInIndex = 0; path = SolidKit.app; sourceTree = BUILT_PRODUCTS_DIR; };
		B14659E41E58318D009D99DA /* main.m */ = {isa = PBXFileReference; lastKnownFileType = sourcecode.c.objc; path = main.m; sourceTree = "<group>"; };
		B14659E61E58318D009D99DA /* AppDelegate.h */ = {isa = PBXFileReference; lastKnownFileType = sourcecode.c.h; path = AppDelegate.h; sourceTree = "<group>"; };
		B14659E71E58318D009D99DA /* AppDelegate.m */ = {isa = PBXFileReference; lastKnownFileType = sourcecode.c.objc; path = AppDelegate.m; sourceTree = "<group>"; };
		B14659E91E58318D009D99DA /* ViewController.h */ = {isa = PBXFileReference; lastKnownFileType = sourcecode.c.h; path = ViewController.h; sourceTree = "<group>"; };
		B14659EA1E58318D009D99DA /* ViewController.m */ = {isa = PBXFileReference; lastKnownFileType = sourcecode.c.objc; path = ViewController.m; sourceTree = "<group>"; };
		B14659ED1E58318D009D99DA /* Base */ = {isa = PBXFileReference; lastKnownFileType = file.storyboard; name = Base; path = Base.lproj/Main.storyboard; sourceTree = "<group>"; };
		B14659EF1E58318D009D99DA /* Assets.xcassets */ = {isa = PBXFileReference; lastKnownFileType = folder.assetcatalog; path = Assets.xcassets; sourceTree = "<group>"; };
		B14659F21E58318D009D99DA /* Base */ = {isa = PBXFileReference; lastKnownFileType = file.storyboard; name = Base; path = Base.lproj/LaunchScreen.storyboard; sourceTree = "<group>"; };
		B14659F41E58318D009D99DA /* Info.plist */ = {isa = PBXFileReference; lastKnownFileType = text.plist.xml; path = Info.plist; sourceTree = "<group>"; };
/* End PBXFileReference section */

/* Begin PBXFrameworksBuildPhase section */
		B14659DD1E58318D009D99DA /* Frameworks */ = {
			isa = PBXFrameworksBuildPhase;
			buildActionMask = 2147483647;
			files = (
			);
			runOnlyForDeploymentPostprocessing = 0;
		};
/* End PBXFrameworksBuildPhase section */

/* Begin PBXGroup section */
		B14659D71E58318D009D99DA = {
			isa = PBXGroup;
			children = (
				B14659E21E58318D009D99DA /* SolidKit */,
				B14659E11E58318D009D99DA /* Products */,
			);
			sourceTree = "<group>";
		};
		B14659E11E58318D009D99DA /* Products */ = {
			isa = PBXGroup;
			children = (
				B14659E01E58318D009D99DA /* SolidKit.app */,
			);
			name = Products;
			sourceTree = "<group>";
		};
		B14659E21E58318D009D99DA /* SolidKit */ = {
			isa = PBXGroup;
			children = (
				B14659E61E58318D009D99DA /* AppDelegate.h */,
				B14659E71E58318D009D99DA /* AppDelegate.m */,
				B14659E91E58318D009D99DA /* ViewController.h */,
				B14659EA1E58318D009D99DA /* ViewController.m */,
				B14659EC1E58318D009D99DA /* Main.storyboard */,
				B14659EF1E58318D009D99DA /* Assets.xcassets */,
				B14659F11E58318D009D99DA /* LaunchScreen.storyboard */,
				B14659F41E58318D009D99DA /* Info.plist */,
				B14659E31E58318D009D99DA /* Supporting Files */,
			);
			path = SolidKit;
			sourceTree = "<group>";
		};
		B14659E31E58318D009D99DA /* Supporting Files */ = {
			isa = PBXGroup;
			children = (
				B14659E41E58318D009D99DA /* main.m */,
			);
			name = "Supporting Files";
			sourceTree = "<group>";
		};
/* End PBXGroup section */

/* Begin PBXNativeTarget section */
		B14659DF1E58318D009D99DA /* SolidKit */ = {
			isa = PBXNativeTarget;
			buildConfigurationList = B14659F71E58318D009D99DA /* Build configuration list for PBXNativeTarget "SolidKit" */;
			buildPhases = (
				B14659DC1E58318D009D99DA /* Sources */,
				B14659DD1E58318D009D99DA /* Frameworks */,
				B14659DE1E58318D009D99DA /* Resources */,
			);
			buildRules = (
			);
			dependencies = (
			);
			name = SolidKit;
			productName = SolidKit;
			productReference = B14659E01E58318D009D99DA /* SolidKit.app */;
			productType = "com.apple.product-type.application";
		};
/* End PBXNativeTarget section */

/* Begin PBXProject section */
		B14659D81E58318D009D99DA /* Project object */ = {
			isa = PBXProject;
			attributes = {
				LastUpgradeCheck = 0820;
				ORGANIZATIONNAME = talisk;
				TargetAttributes = {
					B14659DF1E58318D009D99DA = {
						CreatedOnToolsVersion = 8.2.1;
						DevelopmentTeam = 6278Q96CU6;
						ProvisioningStyle = Automatic;
					};
				};
			};
			buildConfigurationList = B14659DB1E58318D009D99DA /* Build configuration list for PBXProject "SolidKit" */;
			compatibilityVersion = "Xcode 3.2";
			developmentRegion = English;
			hasScannedForEncodings = 0;
			knownRegions = (
				en,
				Base,
			);
			mainGroup = B14659D71E58318D009D99DA;
			productRefGroup = B14659E11E58318D009D99DA /* Products */;
			projectDirPath = "";
			projectRoot = "";
			targets = (
				B14659DF1E58318D009D99DA /* SolidKit */,
			);
		};
/* End PBXProject section */

/* Begin PBXResourcesBuildPhase section */
		B14659DE1E58318D009D99DA /* Resources */ = {
			isa = PBXResourcesBuildPhase;
			buildActionMask = 2147483647;
			files = (
				B14659F31E58318D009D99DA /* LaunchScreen.storyboard in Resources */,
				B14659F01E58318D009D99DA /* Assets.xcassets in Resources */,
				B14659EE1E58318D009D99DA /* Main.storyboard in Resources */,
			);
			runOnlyForDeploymentPostprocessing = 0;
		};
/* End PBXResourcesBuildPhase section */

/* Begin PBXSourcesBuildPhase section */
		B14659DC1E58318D009D99DA /* Sources */ = {
			isa = PBXSourcesBuildPhase;
			buildActionMask = 2147483647;
			files = (
				B14659EB1E58318D009D99DA /* ViewController.m in Sources */,
				B14659E81E58318D009D99DA /* AppDelegate.m in Sources */,
				B14659E51E58318D009D99DA /* main.m in Sources */,
			);
			runOnlyForDeploymentPostprocessing = 0;
		};
/* End PBXSourcesBuildPhase section */

/* Begin PBXVariantGroup section */
		B14659EC1E58318D009D99DA /* Main.storyboard */ = {
			isa = PBXVariantGroup;
			children = (
				B14659ED1E58318D009D99DA /* Base */,
			);
			name = Main.storyboard;
			sourceTree = "<group>";
		};
		B14659F11E58318D009D99DA /* LaunchScreen.storyboard */ = {
			isa = PBXVariantGroup;
			children = (
				B14659F21E58318D009D99DA /* Base */,
			);
			name = LaunchScreen.storyboard;
			sourceTree = "<group>";
		};
/* End PBXVariantGroup section */

/* Begin XCBuildConfiguration section */
		B14659F51E58318D009D99DA /* Debug */ = {
			isa = XCBuildConfiguration;
			buildSettings = {
				ALWAYS_SEARCH_USER_PATHS = NO;
				CLANG_ANALYZER_NONNULL = YES;
				CLANG_CXX_LANGUAGE_STANDARD = "gnu++0x";
				CLANG_CXX_LIBRARY = "libc++";
				CLANG_ENABLE_MODULES = YES;
				CLANG_ENABLE_OBJC_ARC = YES;
				CLANG_WARN_BOOL_CONVERSION = YES;
				CLANG_WARN_CONSTANT_CONVERSION = YES;
				CLANG_WARN_DIRECT_OBJC_ISA_USAGE = YES_ERROR;
				CLANG_WARN_DOCUMENTATION_COMMENTS = YES;
				CLANG_WARN_EMPTY_BODY = YES;
				CLANG_WARN_ENUM_CONVERSION = YES;
				CLANG_WARN_INFINITE_RECURSION = YES;
				CLANG_WARN_INT_CONVERSION = YES;
				CLANG_WARN_OBJC_ROOT_CLASS = YES_ERROR;
				CLANG_WARN_SUSPICIOUS_MOVE = YES;
				CLANG_WARN_UNREACHABLE_CODE = YES;
				CLANG_WARN__DUPLICATE_METHOD_MATCH = YES;
				"CODE_SIGN_IDENTITY[sdk=iphoneos*]" = "iPhone Developer";
				COPY_PHASE_STRIP = NO;
				DEBUG_INFORMATION_FORMAT = dwarf;
				ENABLE_STRICT_OBJC_MSGSEND = YES;
				ENABLE_TESTABILITY = YES;
				GCC_C_LANGUAGE_STANDARD = gnu99;
				GCC_DYNAMIC_NO_PIC = NO;
				GCC_NO_COMMON_BLOCKS = YES;
				GCC_OPTIMIZATION_LEVEL = 0;
				GCC_PREPROCESSOR_DEFINITIONS = (
					"DEBUG=1",
					"$(inherited)",
				);
				GCC_WARN_64_TO_32_BIT_CONVERSION = YES;
				GCC_WARN_ABOUT_RETURN_TYPE = YES_ERROR;
				GCC_WARN_UNDECLARED_SELECTOR = YES;
				GCC_WARN_UNINITIALIZED_AUTOS = YES_AGGRESSIVE;
				GCC_WARN_UNUSED_FUNCTION = YES;
				GCC_WARN_UNUSED_VARIABLE = YES;
				IPHONEOS_DEPLOYMENT_TARGET = 10.2;
				MTL_ENABLE_DEBUG_INFO = YES;
				ONLY_ACTIVE_ARCH = YES;
				SDKROOT = iphoneos;
			};
			name = Debug;
		};
		B14659F61E58318D009D99DA /* Release */ = {
			isa = XCBuildConfiguration;
			buildSettings = {
				ALWAYS_SEARCH_USER_PATHS = NO;
				CLANG_ANALYZER_NONNULL = YES;
				CLANG_CXX_LANGUAGE_STANDARD = "gnu++0x";
				CLANG_CXX_LIBRARY = "libc++";
				CLANG_ENABLE_MODULES = YES;
				CLANG_ENABLE_OBJC_ARC = YES;
				CLANG_WARN_BOOL_CONVERSION = YES;
				CLANG_WARN_CONSTANT_CONVERSION = YES;
				CLANG_WARN_DIRECT_OBJC_ISA_USAGE = YES_ERROR;
				CLANG_WARN_DOCUMENTATION_COMMENTS = YES;
				CLANG_WARN_EMPTY_BODY = YES;
				CLANG_WARN_ENUM_CONVERSION = YES;
				CLANG_WARN_INFINITE_RECURSION = YES;
				CLANG_WARN_INT_CONVERSION = YES;
				CLANG_WARN_OBJC_ROOT_CLASS = YES_ERROR;
				CLANG_WARN_SUSPICIOUS_MOVE = YES;
				CLANG_WARN_UNREACHABLE_CODE = YES;
				CLANG_WARN__DUPLICATE_METHOD_MATCH = YES;
				"CODE_SIGN_IDENTITY[sdk=iphoneos*]" = "iPhone Developer";
				COPY_PHASE_STRIP = NO;
				DEBUG_INFORMATION_FORMAT = "dwarf-with-dsym";
				ENABLE_NS_ASSERTIONS = NO;
				ENABLE_STRICT_OBJC_MSGSEND = YES;
				GCC_C_LANGUAGE_STANDARD = gnu99;
				GCC_NO_COMMON_BLOCKS = YES;
				GCC_WARN_64_TO_32_BIT_CONVERSION = YES;
				GCC_WARN_ABOUT_RETURN_TYPE = YES_ERROR;
				GCC_WARN_UNDECLARED_SELECTOR = YES;
				GCC_WARN_UNINITIALIZED_AUTOS = YES_AGGRESSIVE;
				GCC_WARN_UNUSED_FUNCTION = YES;
				GCC_WARN_UNUSED_VARIABLE = YES;
				IPHONEOS_DEPLOYMENT_TARGET = 10.2;
				MTL_ENABLE_DEBUG_INFO = NO;
				SDKROOT = iphoneos;
				VALIDATE_PRODUCT = YES;
			};
			name = Release;
		};
		B14659F81E58318D009D99DA /* Debug */ = {
			isa = XCBuildConfiguration;
			buildSettings = {
				ASSETCATALOG_COMPILER_APPICON_NAME = AppIcon;
				DEVELOPMENT_TEAM = 6278Q96CU6;
				INFOPLIST_FILE = SolidKit/Info.plist;
				LD_RUNPATH_SEARCH_PATHS = "$(inherited) @executable_path/Frameworks";
				PRODUCT_BUNDLE_IDENTIFIER = "Kai-Sun.SolidKit";
				PRODUCT_NAME = "$(TARGET_NAME)";
			};
			name = Debug;
		};
		B14659F91E58318D009D99DA /* Release */ = {
			isa = XCBuildConfiguration;
			buildSettings = {
				ASSETCATALOG_COMPILER_APPICON_NAME = AppIcon;
				DEVELOPMENT_TEAM = 6278Q96CU6;
				INFOPLIST_FILE = SolidKit/Info.plist;
				LD_RUNPATH_SEARCH_PATHS = "$(inherited) @executable_path/Frameworks";
				PRODUCT_BUNDLE_IDENTIFIER = "Kai-Sun.SolidKit";
				PRODUCT_NAME = "$(TARGET_NAME)";
			};
			name = Release;
		};
/* End XCBuildConfiguration section */

/* Begin XCConfigurationList section */
		B14659DB1E58318D009D99DA /* Build configuration list for PBXProject "SolidKit" */ = {
			isa = XCConfigurationList;
			buildConfigurations = (
				B14659F51E58318D009D99DA /* Debug */,
				B14659F61E58318D009D99DA /* Release */,
			);
			defaultConfigurationIsVisible = 0;
			defaultConfigurationName = Release;
		};
		B14659F71E58318D009D99DA /* Build configuration list for PBXNativeTarget "SolidKit" */ = {
			isa = XCConfigurationList;
			buildConfigurations = (
				B14659F81E58318D009D99DA /* Debug */,
				B14659F91E58318D009D99DA /* Release */,
			);
			defaultConfigurationIsVisible = 0;
		};
/* End XCConfigurationList section */
	};
	rootObject = B14659D81E58318D009D99DA /* Project object */;
}
